// !$*UTF8*$!
{
	archiveVersion = 1;
	classes = {
	};
	objectVersion = 56;
	objects = {

/* Begin PBXBuildFile section */
		5C7651252B94E9A50047E93C /* iosQikiApp.swift in Sources */ = {isa = PBXBuildFile; fileRef = 5C7651242B94E9A50047E93C /* iosQikiApp.swift */; };
		5C7651292B94E9A70047E93C /* Assets.xcassets in Resources */ = {isa = PBXBuildFile; fileRef = 5C7651282B94E9A70047E93C /* Assets.xcassets */; };
		5C76512C2B94E9A70047E93C /* Preview Assets.xcassets in Resources */ = {isa = PBXBuildFile; fileRef = 5C76512B2B94E9A70047E93C /* Preview Assets.xcassets */; };
		5C7651362B94E9A70047E93C /* iosQikiTests.swift in Sources */ = {isa = PBXBuildFile; fileRef = 5C7651352B94E9A70047E93C /* iosQikiTests.swift */; };
		5C7651402B94E9A70047E93C /* iosQikiUITests.swift in Sources */ = {isa = PBXBuildFile; fileRef = 5C76513F2B94E9A70047E93C /* iosQikiUITests.swift */; };
		5C7651422B94E9A70047E93C /* iosQikiUITestsLaunchTests.swift in Sources */ = {isa = PBXBuildFile; fileRef = 5C7651412B94E9A70047E93C /* iosQikiUITestsLaunchTests.swift */; };
		5C7651542B94EE590047E93C /* WelcomeScreen.swift in Sources */ = {isa = PBXBuildFile; fileRef = 5C7651532B94EE590047E93C /* WelcomeScreen.swift */; };
		5C7651562B94FB420047E93C /* SplashScreen.swift in Sources */ = {isa = PBXBuildFile; fileRef = 5C7651552B94FB420047E93C /* SplashScreen.swift */; };
		5C7651592B94FBEB0047E93C /* Lottie in Frameworks */ = {isa = PBXBuildFile; productRef = 5C7651582B94FBEB0047E93C /* Lottie */; };
		5C7ED4492B98E1B800AD14DB /* CountryPicker in Frameworks */ = {isa = PBXBuildFile; productRef = 5C7ED4482B98E1B800AD14DB /* CountryPicker */; };
		5C7ED44F2B98EA7100AD14DB /* LanguageSelector.swift in Sources */ = {isa = PBXBuildFile; fileRef = 5C7ED44E2B98EA7100AD14DB /* LanguageSelector.swift */; };
		5C7ED4512B98EF4300AD14DB /* LoginScreen.swift in Sources */ = {isa = PBXBuildFile; fileRef = 5C7ED4502B98EF4300AD14DB /* LoginScreen.swift */; };
		5C7ED4532B98F10600AD14DB /* AgreementPage.swift in Sources */ = {isa = PBXBuildFile; fileRef = 5C7ED4522B98F10600AD14DB /* AgreementPage.swift */; };
		5C7ED4552B98F4E400AD14DB /* OtpScreen.swift in Sources */ = {isa = PBXBuildFile; fileRef = 5C7ED4542B98F4E400AD14DB /* OtpScreen.swift */; };
		5C8571452B962B7700225367 /* CreateAccount.swift in Sources */ = {isa = PBXBuildFile; fileRef = 5C8571442B962B7700225367 /* CreateAccount.swift */; };
		5C8571482B962FD200225367 /* Color.swift in Sources */ = {isa = PBXBuildFile; fileRef = 5C8571472B962FD200225367 /* Color.swift */; };
		5C85714B2B963C0A00225367 /* SVGKit in Frameworks */ = {isa = PBXBuildFile; productRef = 5C85714A2B963C0A00225367 /* SVGKit */; };
		5C85714D2B963C0A00225367 /* SVGKitSwift in Frameworks */ = {isa = PBXBuildFile; productRef = 5C85714C2B963C0A00225367 /* SVGKitSwift */; };
		5C85714F2B9647CD00225367 /* RegistrationScreen.swift in Sources */ = {isa = PBXBuildFile; fileRef = 5C85714E2B9647CD00225367 /* RegistrationScreen.swift */; };
/* End PBXBuildFile section */

/* Begin PBXContainerItemProxy section */
		5C7651322B94E9A70047E93C /* PBXContainerItemProxy */ = {
			isa = PBXContainerItemProxy;
			containerPortal = 5C7651192B94E9A50047E93C /* Project object */;
			proxyType = 1;
			remoteGlobalIDString = 5C7651202B94E9A50047E93C;
			remoteInfo = iosQiki;
		};
		5C76513C2B94E9A70047E93C /* PBXContainerItemProxy */ = {
			isa = PBXContainerItemProxy;
			containerPortal = 5C7651192B94E9A50047E93C /* Project object */;
			proxyType = 1;
			remoteGlobalIDString = 5C7651202B94E9A50047E93C;
			remoteInfo = iosQiki;
		};
/* End PBXContainerItemProxy section */

/* Begin PBXFileReference section */
		5C7651212B94E9A50047E93C /* iosQiki.app */ = {isa = PBXFileReference; explicitFileType = wrapper.application; includeInIndex = 0; path = iosQiki.app; sourceTree = BUILT_PRODUCTS_DIR; };
		5C7651242B94E9A50047E93C /* iosQikiApp.swift */ = {isa = PBXFileReference; lastKnownFileType = sourcecode.swift; path = iosQikiApp.swift; sourceTree = "<group>"; };
		5C7651282B94E9A70047E93C /* Assets.xcassets */ = {isa = PBXFileReference; lastKnownFileType = folder.assetcatalog; path = Assets.xcassets; sourceTree = "<group>"; };
		5C76512B2B94E9A70047E93C /* Preview Assets.xcassets */ = {isa = PBXFileReference; lastKnownFileType = folder.assetcatalog; path = "Preview Assets.xcassets"; sourceTree = "<group>"; };
		5C7651312B94E9A70047E93C /* iosQikiTests.xctest */ = {isa = PBXFileReference; explicitFileType = wrapper.cfbundle; includeInIndex = 0; path = iosQikiTests.xctest; sourceTree = BUILT_PRODUCTS_DIR; };
		5C7651352B94E9A70047E93C /* iosQikiTests.swift */ = {isa = PBXFileReference; lastKnownFileType = sourcecode.swift; path = iosQikiTests.swift; sourceTree = "<group>"; };
		5C76513B2B94E9A70047E93C /* iosQikiUITests.xctest */ = {isa = PBXFileReference; explicitFileType = wrapper.cfbundle; includeInIndex = 0; path = iosQikiUITests.xctest; sourceTree = BUILT_PRODUCTS_DIR; };
		5C76513F2B94E9A70047E93C /* iosQikiUITests.swift */ = {isa = PBXFileReference; lastKnownFileType = sourcecode.swift; path = iosQikiUITests.swift; sourceTree = "<group>"; };
		5C7651412B94E9A70047E93C /* iosQikiUITestsLaunchTests.swift */ = {isa = PBXFileReference; lastKnownFileType = sourcecode.swift; path = iosQikiUITestsLaunchTests.swift; sourceTree = "<group>"; };
		5C7651532B94EE590047E93C /* WelcomeScreen.swift */ = {isa = PBXFileReference; lastKnownFileType = sourcecode.swift; path = WelcomeScreen.swift; sourceTree = "<group>"; };
		5C7651552B94FB420047E93C /* SplashScreen.swift */ = {isa = PBXFileReference; lastKnownFileType = sourcecode.swift; path = SplashScreen.swift; sourceTree = "<group>"; };
		5C7ED44E2B98EA7100AD14DB /* LanguageSelector.swift */ = {isa = PBXFileReference; lastKnownFileType = sourcecode.swift; path = LanguageSelector.swift; sourceTree = "<group>"; };
		5C7ED4502B98EF4300AD14DB /* LoginScreen.swift */ = {isa = PBXFileReference; lastKnownFileType = sourcecode.swift; path = LoginScreen.swift; sourceTree = "<group>"; };
		5C7ED4522B98F10600AD14DB /* AgreementPage.swift */ = {isa = PBXFileReference; lastKnownFileType = sourcecode.swift; path = AgreementPage.swift; sourceTree = "<group>"; };
		5C7ED4542B98F4E400AD14DB /* OtpScreen.swift */ = {isa = PBXFileReference; lastKnownFileType = sourcecode.swift; path = OtpScreen.swift; sourceTree = "<group>"; };
		5C8571442B962B7700225367 /* CreateAccount.swift */ = {isa = PBXFileReference; lastKnownFileType = sourcecode.swift; path = CreateAccount.swift; sourceTree = "<group>"; };
		5C8571462B962D9900225367 /* Info.plist */ = {isa = PBXFileReference; lastKnownFileType = text.plist; path = Info.plist; sourceTree = "<group>"; };
		5C8571472B962FD200225367 /* Color.swift */ = {isa = PBXFileReference; lastKnownFileType = sourcecode.swift; path = Color.swift; sourceTree = "<group>"; };
		5C85714E2B9647CD00225367 /* RegistrationScreen.swift */ = {isa = PBXFileReference; lastKnownFileType = sourcecode.swift; path = RegistrationScreen.swift; sourceTree = "<group>"; };
/* End PBXFileReference section */

/* Begin PBXFrameworksBuildPhase section */
		5C76511E2B94E9A50047E93C /* Frameworks */ = {
			isa = PBXFrameworksBuildPhase;
			buildActionMask = 2147483647;
			files = (
				5C85714D2B963C0A00225367 /* SVGKitSwift in Frameworks */,
				5C85714B2B963C0A00225367 /* SVGKit in Frameworks */,
				5C7651592B94FBEB0047E93C /* Lottie in Frameworks */,
				5C7ED4492B98E1B800AD14DB /* CountryPicker in Frameworks */,
			);
			runOnlyForDeploymentPostprocessing = 0;
		};
		5C76512E2B94E9A70047E93C /* Frameworks */ = {
			isa = PBXFrameworksBuildPhase;
			buildActionMask = 2147483647;
			files = (
			);
			runOnlyForDeploymentPostprocessing = 0;
		};
		5C7651382B94E9A70047E93C /* Frameworks */ = {
			isa = PBXFrameworksBuildPhase;
			buildActionMask = 2147483647;
			files = (
			);
			runOnlyForDeploymentPostprocessing = 0;
		};
/* End PBXFrameworksBuildPhase section */

/* Begin PBXGroup section */
		5C7651182B94E9A50047E93C = {
			isa = PBXGroup;
			children = (
				5C7651232B94E9A50047E93C /* iosQiki */,
				5C7651342B94E9A70047E93C /* iosQikiTests */,
				5C76513E2B94E9A70047E93C /* iosQikiUITests */,
				5C7651222B94E9A50047E93C /* Products */,
			);
			sourceTree = "<group>";
		};
		5C7651222B94E9A50047E93C /* Products */ = {
			isa = PBXGroup;
			children = (
				5C7651212B94E9A50047E93C /* iosQiki.app */,
				5C7651312B94E9A70047E93C /* iosQikiTests.xctest */,
				5C76513B2B94E9A70047E93C /* iosQikiUITests.xctest */,
			);
			name = Products;
			sourceTree = "<group>";
		};
		5C7651232B94E9A50047E93C /* iosQiki */ = {
			isa = PBXGroup;
			children = (
				5C7ED4562B99823E00AD14DB /* Widgets */,
				5C8571462B962D9900225367 /* Info.plist */,
				5C76514E2B94EA4F0047E93C /* Ui */,
				5C7651242B94E9A50047E93C /* iosQikiApp.swift */,
				5C7651282B94E9A70047E93C /* Assets.xcassets */,
				5C76512A2B94E9A70047E93C /* Preview Content */,
			);
			path = iosQiki;
			sourceTree = "<group>";
		};
		5C76512A2B94E9A70047E93C /* Preview Content */ = {
			isa = PBXGroup;
			children = (
				5C76512B2B94E9A70047E93C /* Preview Assets.xcassets */,
			);
			path = "Preview Content";
			sourceTree = "<group>";
		};
		5C7651342B94E9A70047E93C /* iosQikiTests */ = {
			isa = PBXGroup;
			children = (
				5C7651352B94E9A70047E93C /* iosQikiTests.swift */,
			);
			path = iosQikiTests;
			sourceTree = "<group>";
		};
		5C76513E2B94E9A70047E93C /* iosQikiUITests */ = {
			isa = PBXGroup;
			children = (
				5C76513F2B94E9A70047E93C /* iosQikiUITests.swift */,
				5C7651412B94E9A70047E93C /* iosQikiUITestsLaunchTests.swift */,
			);
			path = iosQikiUITests;
			sourceTree = "<group>";
		};
		5C76514E2B94EA4F0047E93C /* Ui */ = {
			isa = PBXGroup;
			children = (
				5C7651502B94EB260047E93C /* WelcomeScreen */,
				5C76514F2B94EA740047E93C /* GuestFlow */,
			);
			path = Ui;
			sourceTree = "<group>";
		};
		5C76514F2B94EA740047E93C /* GuestFlow */ = {
			isa = PBXGroup;
			children = (
				5C8571442B962B7700225367 /* CreateAccount.swift */,
				5C85714E2B9647CD00225367 /* RegistrationScreen.swift */,
				5C7ED4502B98EF4300AD14DB /* LoginScreen.swift */,
				5C7ED4522B98F10600AD14DB /* AgreementPage.swift */,
				5C7ED4542B98F4E400AD14DB /* OtpScreen.swift */,
			);
			path = GuestFlow;
			sourceTree = "<group>";
		};
		5C7651502B94EB260047E93C /* WelcomeScreen */ = {
			isa = PBXGroup;
			children = (
				5C7651532B94EE590047E93C /* WelcomeScreen.swift */,
				5C7651552B94FB420047E93C /* SplashScreen.swift */,
			);
			path = WelcomeScreen;
			sourceTree = "<group>";
		};
		5C7ED4562B99823E00AD14DB /* Widgets */ = {
			isa = PBXGroup;
			children = (
				5C7ED44E2B98EA7100AD14DB /* LanguageSelector.swift */,
				5C8571472B962FD200225367 /* Color.swift */,
			);
			path = Widgets;
			sourceTree = "<group>";
		};
/* End PBXGroup section */

/* Begin PBXNativeTarget section */
		5C7651202B94E9A50047E93C /* iosQiki */ = {
			isa = PBXNativeTarget;
			buildConfigurationList = 5C7651452B94E9A70047E93C /* Build configuration list for PBXNativeTarget "iosQiki" */;
			buildPhases = (
				5C76511D2B94E9A50047E93C /* Sources */,
				5C76511E2B94E9A50047E93C /* Frameworks */,
				5C76511F2B94E9A50047E93C /* Resources */,
			);
			buildRules = (
			);
			dependencies = (
			);
			name = iosQiki;
			packageProductDependencies = (
				5C7651582B94FBEB0047E93C /* Lottie */,
				5C85714A2B963C0A00225367 /* SVGKit */,
				5C85714C2B963C0A00225367 /* SVGKitSwift */,
				5C7ED4482B98E1B800AD14DB /* CountryPicker */,
			);
			productName = iosQiki;
			productReference = 5C7651212B94E9A50047E93C /* iosQiki.app */;
			productType = "com.apple.product-type.application";
		};
		5C7651302B94E9A70047E93C /* iosQikiTests */ = {
			isa = PBXNativeTarget;
			buildConfigurationList = 5C7651482B94E9A70047E93C /* Build configuration list for PBXNativeTarget "iosQikiTests" */;
			buildPhases = (
				5C76512D2B94E9A70047E93C /* Sources */,
				5C76512E2B94E9A70047E93C /* Frameworks */,
				5C76512F2B94E9A70047E93C /* Resources */,
			);
			buildRules = (
			);
			dependencies = (
				5C7651332B94E9A70047E93C /* PBXTargetDependency */,
			);
			name = iosQikiTests;
			productName = iosQikiTests;
			productReference = 5C7651312B94E9A70047E93C /* iosQikiTests.xctest */;
			productType = "com.apple.product-type.bundle.unit-test";
		};
		5C76513A2B94E9A70047E93C /* iosQikiUITests */ = {
			isa = PBXNativeTarget;
			buildConfigurationList = 5C76514B2B94E9A70047E93C /* Build configuration list for PBXNativeTarget "iosQikiUITests" */;
			buildPhases = (
				5C7651372B94E9A70047E93C /* Sources */,
				5C7651382B94E9A70047E93C /* Frameworks */,
				5C7651392B94E9A70047E93C /* Resources */,
			);
			buildRules = (
			);
			dependencies = (
				5C76513D2B94E9A70047E93C /* PBXTargetDependency */,
			);
			name = iosQikiUITests;
			productName = iosQikiUITests;
			productReference = 5C76513B2B94E9A70047E93C /* iosQikiUITests.xctest */;
			productType = "com.apple.product-type.bundle.ui-testing";
		};
/* End PBXNativeTarget section */

/* Begin PBXProject section */
		5C7651192B94E9A50047E93C /* Project object */ = {
			isa = PBXProject;
			attributes = {
				BuildIndependentTargetsInParallel = 1;
				LastSwiftUpdateCheck = 1500;
				LastUpgradeCheck = 1500;
				TargetAttributes = {
					5C7651202B94E9A50047E93C = {
						CreatedOnToolsVersion = 15.0.1;
					};
					5C7651302B94E9A70047E93C = {
						CreatedOnToolsVersion = 15.0.1;
						TestTargetID = 5C7651202B94E9A50047E93C;
					};
					5C76513A2B94E9A70047E93C = {
						CreatedOnToolsVersion = 15.0.1;
						TestTargetID = 5C7651202B94E9A50047E93C;
					};
				};
			};
			buildConfigurationList = 5C76511C2B94E9A50047E93C /* Build configuration list for PBXProject "iosQiki" */;
			compatibilityVersion = "Xcode 14.0";
			developmentRegion = en;
			hasScannedForEncodings = 0;
			knownRegions = (
				en,
				Base,
			);
			mainGroup = 5C7651182B94E9A50047E93C;
			packageReferences = (
				5C7651572B94FBEB0047E93C /* XCRemoteSwiftPackageReference "lottie-spm" */,
				5C8571492B963AB600225367 /* XCRemoteSwiftPackageReference "SVGKit" */,
				5C7ED4472B98E1B800AD14DB /* XCRemoteSwiftPackageReference "CountryPicker" */,
			);
			productRefGroup = 5C7651222B94E9A50047E93C /* Products */;
			projectDirPath = "";
			projectRoot = "";
			targets = (
				5C7651202B94E9A50047E93C /* iosQiki */,
				5C7651302B94E9A70047E93C /* iosQikiTests */,
				5C76513A2B94E9A70047E93C /* iosQikiUITests */,
			);
		};
/* End PBXProject section */

/* Begin PBXResourcesBuildPhase section */
		5C76511F2B94E9A50047E93C /* Resources */ = {
			isa = PBXResourcesBuildPhase;
			buildActionMask = 2147483647;
			files = (
				5C76512C2B94E9A70047E93C /* Preview Assets.xcassets in Resources */,
				5C7651292B94E9A70047E93C /* Assets.xcassets in Resources */,
			);
			runOnlyForDeploymentPostprocessing = 0;
		};
		5C76512F2B94E9A70047E93C /* Resources */ = {
			isa = PBXResourcesBuildPhase;
			buildActionMask = 2147483647;
			files = (
			);
			runOnlyForDeploymentPostprocessing = 0;
		};
		5C7651392B94E9A70047E93C /* Resources */ = {
			isa = PBXResourcesBuildPhase;
			buildActionMask = 2147483647;
			files = (
			);
			runOnlyForDeploymentPostprocessing = 0;
		};
/* End PBXResourcesBuildPhase section */

/* Begin PBXSourcesBuildPhase section */
		5C76511D2B94E9A50047E93C /* Sources */ = {
			isa = PBXSourcesBuildPhase;
			buildActionMask = 2147483647;
			files = (
				5C85714F2B9647CD00225367 /* RegistrationScreen.swift in Sources */,
				5C7651562B94FB420047E93C /* SplashScreen.swift in Sources */,
				5C7ED44F2B98EA7100AD14DB /* LanguageSelector.swift in Sources */,
				5C7651542B94EE590047E93C /* WelcomeScreen.swift in Sources */,
				5C7651252B94E9A50047E93C /* iosQikiApp.swift in Sources */,
				5C7ED4552B98F4E400AD14DB /* OtpScreen.swift in Sources */,
				5C7ED4512B98EF4300AD14DB /* LoginScreen.swift in Sources */,
				5C8571482B962FD200225367 /* Color.swift in Sources */,
				5C8571452B962B7700225367 /* CreateAccount.swift in Sources */,
				5C7ED4532B98F10600AD14DB /* AgreementPage.swift in Sources */,
			);
			runOnlyForDeploymentPostprocessing = 0;
		};
		5C76512D2B94E9A70047E93C /* Sources */ = {
			isa = PBXSourcesBuildPhase;
			buildActionMask = 2147483647;
			files = (
				5C7651362B94E9A70047E93C /* iosQikiTests.swift in Sources */,
			);
			runOnlyForDeploymentPostprocessing = 0;
		};
		5C7651372B94E9A70047E93C /* Sources */ = {
			isa = PBXSourcesBuildPhase;
			buildActionMask = 2147483647;
			files = (
				5C7651422B94E9A70047E93C /* iosQikiUITestsLaunchTests.swift in Sources */,
				5C7651402B94E9A70047E93C /* iosQikiUITests.swift in Sources */,
			);
			runOnlyForDeploymentPostprocessing = 0;
		};
/* End PBXSourcesBuildPhase section */

/* Begin PBXTargetDependency section */
		5C7651332B94E9A70047E93C /* PBXTargetDependency */ = {
			isa = PBXTargetDependency;
			target = 5C7651202B94E9A50047E93C /* iosQiki */;
			targetProxy = 5C7651322B94E9A70047E93C /* PBXContainerItemProxy */;
		};
		5C76513D2B94E9A70047E93C /* PBXTargetDependency */ = {
			isa = PBXTargetDependency;
			target = 5C7651202B94E9A50047E93C /* iosQiki */;
			targetProxy = 5C76513C2B94E9A70047E93C /* PBXContainerItemProxy */;
		};
/* End PBXTargetDependency section */

/* Begin XCBuildConfiguration section */
		5C7651432B94E9A70047E93C /* Debug */ = {
			isa = XCBuildConfiguration;
			buildSettings = {
				ALWAYS_SEARCH_USER_PATHS = NO;
				ASSETCATALOG_COMPILER_GENERATE_SWIFT_ASSET_SYMBOL_EXTENSIONS = YES;
				CLANG_ANALYZER_NONNULL = YES;
				CLANG_ANALYZER_NUMBER_OBJECT_CONVERSION = YES_AGGRESSIVE;
				CLANG_CXX_LANGUAGE_STANDARD = "gnu++20";
				CLANG_ENABLE_MODULES = YES;
				CLANG_ENABLE_OBJC_ARC = YES;
				CLANG_ENABLE_OBJC_WEAK = YES;
				CLANG_WARN_BLOCK_CAPTURE_AUTORELEASING = YES;
				CLANG_WARN_BOOL_CONVERSION = YES;
				CLANG_WARN_COMMA = YES;
				CLANG_WARN_CONSTANT_CONVERSION = YES;
				CLANG_WARN_DEPRECATED_OBJC_IMPLEMENTATIONS = YES;
				CLANG_WARN_DIRECT_OBJC_ISA_USAGE = YES_ERROR;
				CLANG_WARN_DOCUMENTATION_COMMENTS = YES;
				CLANG_WARN_EMPTY_BODY = YES;
				CLANG_WARN_ENUM_CONVERSION = YES;
				CLANG_WARN_INFINITE_RECURSION = YES;
				CLANG_WARN_INT_CONVERSION = YES;
				CLANG_WARN_NON_LITERAL_NULL_CONVERSION = YES;
				CLANG_WARN_OBJC_IMPLICIT_RETAIN_SELF = YES;
				CLANG_WARN_OBJC_LITERAL_CONVERSION = YES;
				CLANG_WARN_OBJC_ROOT_CLASS = YES_ERROR;
				CLANG_WARN_QUOTED_INCLUDE_IN_FRAMEWORK_HEADER = YES;
				CLANG_WARN_RANGE_LOOP_ANALYSIS = YES;
				CLANG_WARN_STRICT_PROTOTYPES = YES;
				CLANG_WARN_SUSPICIOUS_MOVE = YES;
				CLANG_WARN_UNGUARDED_AVAILABILITY = YES_AGGRESSIVE;
				CLANG_WARN_UNREACHABLE_CODE = YES;
				CLANG_WARN__DUPLICATE_METHOD_MATCH = YES;
				COPY_PHASE_STRIP = NO;
				DEBUG_INFORMATION_FORMAT = dwarf;
				ENABLE_STRICT_OBJC_MSGSEND = YES;
				ENABLE_TESTABILITY = YES;
				ENABLE_USER_SCRIPT_SANDBOXING = YES;
				GCC_C_LANGUAGE_STANDARD = gnu17;
				GCC_DYNAMIC_NO_PIC = NO;
				GCC_NO_COMMON_BLOCKS = YES;
				GCC_OPTIMIZATION_LEVEL = 0;
				GCC_PREPROCESSOR_DEFINITIONS = (
					"DEBUG=1",
					"$(inherited)",
				);
				GCC_WARN_64_TO_32_BIT_CONVERSION = YES;
				GCC_WARN_ABOUT_RETURN_TYPE = YES_ERROR;
				GCC_WARN_UNDECLARED_SELECTOR = YES;
				GCC_WARN_UNINITIALIZED_AUTOS = YES_AGGRESSIVE;
				GCC_WARN_UNUSED_FUNCTION = YES;
				GCC_WARN_UNUSED_VARIABLE = YES;
				IPHONEOS_DEPLOYMENT_TARGET = 17.0;
				LOCALIZATION_PREFERS_STRING_CATALOGS = YES;
				MTL_ENABLE_DEBUG_INFO = INCLUDE_SOURCE;
				MTL_FAST_MATH = YES;
				ONLY_ACTIVE_ARCH = YES;
				SDKROOT = iphoneos;
				SWIFT_ACTIVE_COMPILATION_CONDITIONS = "DEBUG $(inherited)";
				SWIFT_OPTIMIZATION_LEVEL = "-Onone";
			};
			name = Debug;
		};
		5C7651442B94E9A70047E93C /* Release */ = {
			isa = XCBuildConfiguration;
			buildSettings = {
				ALWAYS_SEARCH_USER_PATHS = NO;
				ASSETCATALOG_COMPILER_GENERATE_SWIFT_ASSET_SYMBOL_EXTENSIONS = YES;
				CLANG_ANALYZER_NONNULL = YES;
				CLANG_ANALYZER_NUMBER_OBJECT_CONVERSION = YES_AGGRESSIVE;
				CLANG_CXX_LANGUAGE_STANDARD = "gnu++20";
				CLANG_ENABLE_MODULES = YES;
				CLANG_ENABLE_OBJC_ARC = YES;
				CLANG_ENABLE_OBJC_WEAK = YES;
				CLANG_WARN_BLOCK_CAPTURE_AUTORELEASING = YES;
				CLANG_WARN_BOOL_CONVERSION = YES;
				CLANG_WARN_COMMA = YES;
				CLANG_WARN_CONSTANT_CONVERSION = YES;
				CLANG_WARN_DEPRECATED_OBJC_IMPLEMENTATIONS = YES;
				CLANG_WARN_DIRECT_OBJC_ISA_USAGE = YES_ERROR;
				CLANG_WARN_DOCUMENTATION_COMMENTS = YES;
				CLANG_WARN_EMPTY_BODY = YES;
				CLANG_WARN_ENUM_CONVERSION = YES;
				CLANG_WARN_INFINITE_RECURSION = YES;
				CLANG_WARN_INT_CONVERSION = YES;
				CLANG_WARN_NON_LITERAL_NULL_CONVERSION = YES;
				CLANG_WARN_OBJC_IMPLICIT_RETAIN_SELF = YES;
				CLANG_WARN_OBJC_LITERAL_CONVERSION = YES;
				CLANG_WARN_OBJC_ROOT_CLASS = YES_ERROR;
				CLANG_WARN_QUOTED_INCLUDE_IN_FRAMEWORK_HEADER = YES;
				CLANG_WARN_RANGE_LOOP_ANALYSIS = YES;
				CLANG_WARN_STRICT_PROTOTYPES = YES;
				CLANG_WARN_SUSPICIOUS_MOVE = YES;
				CLANG_WARN_UNGUARDED_AVAILABILITY = YES_AGGRESSIVE;
				CLANG_WARN_UNREACHABLE_CODE = YES;
				CLANG_WARN__DUPLICATE_METHOD_MATCH = YES;
				COPY_PHASE_STRIP = NO;
				DEBUG_INFORMATION_FORMAT = "dwarf-with-dsym";
				ENABLE_NS_ASSERTIONS = NO;
				ENABLE_STRICT_OBJC_MSGSEND = YES;
				ENABLE_USER_SCRIPT_SANDBOXING = YES;
				GCC_C_LANGUAGE_STANDARD = gnu17;
				GCC_NO_COMMON_BLOCKS = YES;
				GCC_WARN_64_TO_32_BIT_CONVERSION = YES;
				GCC_WARN_ABOUT_RETURN_TYPE = YES_ERROR;
				GCC_WARN_UNDECLARED_SELECTOR = YES;
				GCC_WARN_UNINITIALIZED_AUTOS = YES_AGGRESSIVE;
				GCC_WARN_UNUSED_FUNCTION = YES;
				GCC_WARN_UNUSED_VARIABLE = YES;
				IPHONEOS_DEPLOYMENT_TARGET = 17.0;
				LOCALIZATION_PREFERS_STRING_CATALOGS = YES;
				MTL_ENABLE_DEBUG_INFO = NO;
				MTL_FAST_MATH = YES;
				SDKROOT = iphoneos;
				SWIFT_COMPILATION_MODE = wholemodule;
				VALIDATE_PRODUCT = YES;
			};
			name = Release;
		};
		5C7651462B94E9A70047E93C /* Debug */ = {
			isa = XCBuildConfiguration;
			buildSettings = {
				ASSETCATALOG_COMPILER_APPICON_NAME = AppIcon;
				ASSETCATALOG_COMPILER_GLOBAL_ACCENT_COLOR_NAME = AccentColor;
				CODE_SIGN_STYLE = Automatic;
				CURRENT_PROJECT_VERSION = 1;
				DEVELOPMENT_ASSET_PATHS = "\"iosQiki/Preview Content\"";
				DEVELOPMENT_TEAM = FMF8QQ3KJ4;
				ENABLE_PREVIEWS = YES;
				GENERATE_INFOPLIST_FILE = YES;
				INFOPLIST_FILE = iosQiki/Info.plist;
				INFOPLIST_KEY_UIApplicationSceneManifest_Generation = YES;
				INFOPLIST_KEY_UIApplicationSupportsIndirectInputEvents = YES;
				INFOPLIST_KEY_UILaunchScreen_Generation = YES;
				INFOPLIST_KEY_UIStatusBarHidden = NO;
				INFOPLIST_KEY_UISupportedInterfaceOrientations_iPad = "UIInterfaceOrientationPortrait UIInterfaceOrientationPortraitUpsideDown UIInterfaceOrientationLandscapeLeft UIInterfaceOrientationLandscapeRight";
				INFOPLIST_KEY_UISupportedInterfaceOrientations_iPhone = "UIInterfaceOrientationPortrait UIInterfaceOrientationLandscapeLeft UIInterfaceOrientationLandscapeRight";
				LD_RUNPATH_SEARCH_PATHS = (
					"$(inherited)",
					"@executable_path/Frameworks",
				);
				MARKETING_VERSION = 1.0;
				PRODUCT_BUNDLE_IDENTIFIER = com.qiki.iosQiki;
				PRODUCT_NAME = "$(TARGET_NAME)";
				SWIFT_EMIT_LOC_STRINGS = YES;
				SWIFT_VERSION = 5.0;
				TARGETED_DEVICE_FAMILY = "1,2";
			};
			name = Debug;
		};
		5C7651472B94E9A70047E93C /* Release */ = {
			isa = XCBuildConfiguration;
			buildSettings = {
				ASSETCATALOG_COMPILER_APPICON_NAME = AppIcon;
				ASSETCATALOG_COMPILER_GLOBAL_ACCENT_COLOR_NAME = AccentColor;
				CODE_SIGN_STYLE = Automatic;
				CURRENT_PROJECT_VERSION = 1;
				DEVELOPMENT_ASSET_PATHS = "\"iosQiki/Preview Content\"";
				DEVELOPMENT_TEAM = FMF8QQ3KJ4;
				ENABLE_PREVIEWS = YES;
				GENERATE_INFOPLIST_FILE = YES;
				INFOPLIST_FILE = iosQiki/Info.plist;
				INFOPLIST_KEY_UIApplicationSceneManifest_Generation = YES;
				INFOPLIST_KEY_UIApplicationSupportsIndirectInputEvents = YES;
				INFOPLIST_KEY_UILaunchScreen_Generation = YES;
				INFOPLIST_KEY_UIStatusBarHidden = NO;
				INFOPLIST_KEY_UISupportedInterfaceOrientations_iPad = "UIInterfaceOrientationPortrait UIInterfaceOrientationPortraitUpsideDown UIInterfaceOrientationLandscapeLeft UIInterfaceOrientationLandscapeRight";
				INFOPLIST_KEY_UISupportedInterfaceOrientations_iPhone = "UIInterfaceOrientationPortrait UIInterfaceOrientationLandscapeLeft UIInterfaceOrientationLandscapeRight";
				LD_RUNPATH_SEARCH_PATHS = (
					"$(inherited)",
					"@executable_path/Frameworks",
				);
				MARKETING_VERSION = 1.0;
				PRODUCT_BUNDLE_IDENTIFIER = com.qiki.iosQiki;
				PRODUCT_NAME = "$(TARGET_NAME)";
				SWIFT_EMIT_LOC_STRINGS = YES;
				SWIFT_VERSION = 5.0;
				TARGETED_DEVICE_FAMILY = "1,2";
			};
			name = Release;
		};
		5C7651492B94E9A70047E93C /* Debug */ = {
			isa = XCBuildConfiguration;
			buildSettings = {
				ALWAYS_EMBED_SWIFT_STANDARD_LIBRARIES = YES;
				BUNDLE_LOADER = "$(TEST_HOST)";
				CODE_SIGN_STYLE = Automatic;
				CURRENT_PROJECT_VERSION = 1;
				DEVELOPMENT_TEAM = FMF8QQ3KJ4;
				GENERATE_INFOPLIST_FILE = YES;
				IPHONEOS_DEPLOYMENT_TARGET = 17.0;
				MARKETING_VERSION = 1.0;
				PRODUCT_BUNDLE_IDENTIFIER = com.qiki.iosQikiTests;
				PRODUCT_NAME = "$(TARGET_NAME)";
				SWIFT_EMIT_LOC_STRINGS = NO;
				SWIFT_VERSION = 5.0;
				TARGETED_DEVICE_FAMILY = "1,2";
				TEST_HOST = "$(BUILT_PRODUCTS_DIR)/iosQiki.app/$(BUNDLE_EXECUTABLE_FOLDER_PATH)/iosQiki";
			};
			name = Debug;
		};
		5C76514A2B94E9A70047E93C /* Release */ = {
			isa = XCBuildConfiguration;
			buildSettings = {
				ALWAYS_EMBED_SWIFT_STANDARD_LIBRARIES = YES;
				BUNDLE_LOADER = "$(TEST_HOST)";
				CODE_SIGN_STYLE = Automatic;
				CURRENT_PROJECT_VERSION = 1;
				DEVELOPMENT_TEAM = FMF8QQ3KJ4;
				GENERATE_INFOPLIST_FILE = YES;
				IPHONEOS_DEPLOYMENT_TARGET = 17.0;
				MARKETING_VERSION = 1.0;
				PRODUCT_BUNDLE_IDENTIFIER = com.qiki.iosQikiTests;
				PRODUCT_NAME = "$(TARGET_NAME)";
				SWIFT_EMIT_LOC_STRINGS = NO;
				SWIFT_VERSION = 5.0;
				TARGETED_DEVICE_FAMILY = "1,2";
				TEST_HOST = "$(BUILT_PRODUCTS_DIR)/iosQiki.app/$(BUNDLE_EXECUTABLE_FOLDER_PATH)/iosQiki";
			};
			name = Release;
		};
		5C76514C2B94E9A70047E93C /* Debug */ = {
			isa = XCBuildConfiguration;
			buildSettings = {
				ALWAYS_EMBED_SWIFT_STANDARD_LIBRARIES = YES;
				CODE_SIGN_STYLE = Automatic;
				CURRENT_PROJECT_VERSION = 1;
				DEVELOPMENT_TEAM = FMF8QQ3KJ4;
				GENERATE_INFOPLIST_FILE = YES;
				MARKETING_VERSION = 1.0;
				PRODUCT_BUNDLE_IDENTIFIER = com.qiki.iosQikiUITests;
				PRODUCT_NAME = "$(TARGET_NAME)";
				SWIFT_EMIT_LOC_STRINGS = NO;
				SWIFT_VERSION = 5.0;
				TARGETED_DEVICE_FAMILY = "1,2";
				TEST_TARGET_NAME = iosQiki;
			};
			name = Debug;
		};
		5C76514D2B94E9A70047E93C /* Release */ = {
			isa = XCBuildConfiguration;
			buildSettings = {
				ALWAYS_EMBED_SWIFT_STANDARD_LIBRARIES = YES;
				CODE_SIGN_STYLE = Automatic;
				CURRENT_PROJECT_VERSION = 1;
				DEVELOPMENT_TEAM = FMF8QQ3KJ4;
				GENERATE_INFOPLIST_FILE = YES;
				MARKETING_VERSION = 1.0;
				PRODUCT_BUNDLE_IDENTIFIER = com.qiki.iosQikiUITests;
				PRODUCT_NAME = "$(TARGET_NAME)";
				SWIFT_EMIT_LOC_STRINGS = NO;
				SWIFT_VERSION = 5.0;
				TARGETED_DEVICE_FAMILY = "1,2";
				TEST_TARGET_NAME = iosQiki;
			};
			name = Release;
		};
/* End XCBuildConfiguration section */

/* Begin XCConfigurationList section */
		5C76511C2B94E9A50047E93C /* Build configuration list for PBXProject "iosQiki" */ = {
			isa = XCConfigurationList;
			buildConfigurations = (
				5C7651432B94E9A70047E93C /* Debug */,
				5C7651442B94E9A70047E93C /* Release */,
			);
			defaultConfigurationIsVisible = 0;
			defaultConfigurationName = Release;
		};
		5C7651452B94E9A70047E93C /* Build configuration list for PBXNativeTarget "iosQiki" */ = {
			isa = XCConfigurationList;
			buildConfigurations = (
				5C7651462B94E9A70047E93C /* Debug */,
				5C7651472B94E9A70047E93C /* Release */,
			);
			defaultConfigurationIsVisible = 0;
			defaultConfigurationName = Release;
		};
		5C7651482B94E9A70047E93C /* Build configuration list for PBXNativeTarget "iosQikiTests" */ = {
			isa = XCConfigurationList;
			buildConfigurations = (
				5C7651492B94E9A70047E93C /* Debug */,
				5C76514A2B94E9A70047E93C /* Release */,
			);
			defaultConfigurationIsVisible = 0;
			defaultConfigurationName = Release;
		};
		5C76514B2B94E9A70047E93C /* Build configuration list for PBXNativeTarget "iosQikiUITests" */ = {
			isa = XCConfigurationList;
			buildConfigurations = (
				5C76514C2B94E9A70047E93C /* Debug */,
				5C76514D2B94E9A70047E93C /* Release */,
			);
			defaultConfigurationIsVisible = 0;
			defaultConfigurationName = Release;
		};
/* End XCConfigurationList section */

/* Begin XCRemoteSwiftPackageReference section */
		5C7651572B94FBEB0047E93C /* XCRemoteSwiftPackageReference "lottie-spm" */ = {
			isa = XCRemoteSwiftPackageReference;
			repositoryURL = "https://github.com/airbnb/lottie-spm";
			requirement = {
				kind = upToNextMajorVersion;
				minimumVersion = 4.4.1;
			};
		};
		5C7ED4472B98E1B800AD14DB /* XCRemoteSwiftPackageReference "CountryPicker" */ = {
			isa = XCRemoteSwiftPackageReference;
			repositoryURL = "https://github.com/mobven/CountryPicker.git";
			requirement = {
				kind = upToNextMajorVersion;
				minimumVersion = 2.0.3;
			};
		};
		5C8571492B963AB600225367 /* XCRemoteSwiftPackageReference "SVGKit" */ = {
			isa = XCRemoteSwiftPackageReference;
			repositoryURL = "https://github.com/SVGKit/SVGKit.git";
			requirement = {
				kind = upToNextMajorVersion;
				minimumVersion = 3.0.0;
			};
		};
/* End XCRemoteSwiftPackageReference section */

/* Begin XCSwiftPackageProductDependency section */
		5C7651582B94FBEB0047E93C /* Lottie */ = {
			isa = XCSwiftPackageProductDependency;
			package = 5C7651572B94FBEB0047E93C /* XCRemoteSwiftPackageReference "lottie-spm" */;
			productName = Lottie;
		};
		5C7ED4482B98E1B800AD14DB /* CountryPicker */ = {
			isa = XCSwiftPackageProductDependency;
			package = 5C7ED4472B98E1B800AD14DB /* XCRemoteSwiftPackageReference "CountryPicker" */;
			productName = CountryPicker;
		};
		5C85714A2B963C0A00225367 /* SVGKit */ = {
			isa = XCSwiftPackageProductDependency;
			package = 5C8571492B963AB600225367 /* XCRemoteSwiftPackageReference "SVGKit" */;
			productName = SVGKit;
		};
		5C85714C2B963C0A00225367 /* SVGKitSwift */ = {
			isa = XCSwiftPackageProductDependency;
			package = 5C8571492B963AB600225367 /* XCRemoteSwiftPackageReference "SVGKit" */;
			productName = SVGKitSwift;
		};
/* End XCSwiftPackageProductDependency section */
	};
	rootObject = 5C7651192B94E9A50047E93C /* Project object */;
}
